
Microsoft Visual Studio Solution File, Format Version 12.00
# Visual Studio 15
VisualStudioVersion = 15.0.28307.1145
MinimumVisualStudioVersion = 10.0.40219.1
Project("{FAE04EC0-301F-11D3-BF4B-00C04F79EFBC}") = "Writer", "Writer\Writer.csproj", "{475297C3-E697-43CB-9097-204CAA153F6F}"
EndProject
Project("{FAE04EC0-301F-11D3-BF4B-00C04F79EFBC}") = "Contracts", "Contracts\Contracts.csproj", "{DFE15850-D54A-4E92-9A05-E5BE465971A1}"
EndProject
Project("{FAE04EC0-301F-11D3-BF4B-00C04F79EFBC}") = "ReplicatorSender", "ReplicatorSender\ReplicatorSender.csproj", "{44A80BAB-2F65-4589-BB91-D760F9E90FFA}"
EndProject
Project("{FAE04EC0-301F-11D3-BF4B-00C04F79EFBC}") = "ReplicatorReceiver", "ReplicatorReceiver\ReplicatorReceiver.csproj", "{BDEEEAB0-43E7-4AC5-B63A-13F4F2BF53B3}"
EndProject
Project("{FAE04EC0-301F-11D3-BF4B-00C04F79EFBC}") = "Reader", "Reader\Reader.csproj", "{95C35B32-F8F4-45BE-B9B0-EBF7B25C0880}"
EndProject
Project("{FAE04EC0-301F-11D3-BF4B-00C04F79EFBC}") = "Logger", "Logger\Logger.csproj", "{5416BA3F-A771-4715-A3F8-3EE5F32242DD}"
EndProject
Project("{FAE04EC0-301F-11D3-BF4B-00C04F79EFBC}") = "ReplicatorSenderTest", "ReplicatorSenderTest\ReplicatorSenderTest.csproj", "{8F1B5B60-A052-4D6A-9900-090CE9B87A9D}"
EndProject
Project("{FAE04EC0-301F-11D3-BF4B-00C04F79EFBC}") = "ReplicatorReceiverTest", "ReplicatorReceiverTest\ReplicatorReceiverTest.csproj", "{C2865335-FE23-470F-B62D-87489DD13C94}"
EndProject
Project("{FAE04EC0-301F-11D3-BF4B-00C04F79EFBC}") = "ReaderTest", "ReaderTest\ReaderTest.csproj", "{5299DCA7-D979-4C99-A0C6-6DFE4CB20A23}"
EndProject
Project("{FAE04EC0-301F-11D3-BF4B-00C04F79EFBC}") = "WriterTest", "WriterTest\WriterTest.csproj", "{9DDB0E03-68FB-46D9-ADD3-EB053B2DABE7}"
EndProject
Global
	GlobalSection(SolutionConfigurationPlatforms) = preSolution
		Debug|Any CPU = Debug|Any CPU
		Release|Any CPU = Release|Any CPU
	EndGlobalSection
	GlobalSection(ProjectConfigurationPlatforms) = postSolution
		{475297C3-E697-43CB-9097-204CAA153F6F}.Debug|Any CPU.ActiveCfg = Debug|Any CPU
		{475297C3-E697-43CB-9097-204CAA153F6F}.Debug|Any CPU.Build.0 = Debug|Any CPU
		{475297C3-E697-43CB-9097-204CAA153F6F}.Release|Any CPU.ActiveCfg = Release|Any CPU
		{475297C3-E697-43CB-9097-204CAA153F6F}.Release|Any CPU.Build.0 = Release|Any CPU
		{DFE15850-D54A-4E92-9A05-E5BE465971A1}.Debug|Any CPU.ActiveCfg = Debug|Any CPU
		{DFE15850-D54A-4E92-9A05-E5BE465971A1}.Debug|Any CPU.Build.0 = Debug|Any CPU
		{DFE15850-D54A-4E92-9A05-E5BE465971A1}.Release|Any CPU.ActiveCfg = Release|Any CPU
		{DFE15850-D54A-4E92-9A05-E5BE465971A1}.Release|Any CPU.Build.0 = Release|Any CPU
		{44A80BAB-2F65-4589-BB91-D760F9E90FFA}.Debug|Any CPU.ActiveCfg = Debug|Any CPU
		{44A80BAB-2F65-4589-BB91-D760F9E90FFA}.Debug|Any CPU.Build.0 = Debug|Any CPU
		{44A80BAB-2F65-4589-BB91-D760F9E90FFA}.Release|Any CPU.ActiveCfg = Release|Any CPU
		{44A80BAB-2F65-4589-BB91-D760F9E90FFA}.Release|Any CPU.Build.0 = Release|Any CPU
		{BDEEEAB0-43E7-4AC5-B63A-13F4F2BF53B3}.Debug|Any CPU.ActiveCfg = Debug|Any CPU
		{BDEEEAB0-43E7-4AC5-B63A-13F4F2BF53B3}.Debug|Any CPU.Build.0 = Debug|Any CPU
		{BDEEEAB0-43E7-4AC5-B63A-13F4F2BF53B3}.Release|Any CPU.ActiveCfg = Release|Any CPU
		{BDEEEAB0-43E7-4AC5-B63A-13F4F2BF53B3}.Release|Any CPU.Build.0 = Release|Any CPU
		{95C35B32-F8F4-45BE-B9B0-EBF7B25C0880}.Debug|Any CPU.ActiveCfg = Debug|Any CPU
		{95C35B32-F8F4-45BE-B9B0-EBF7B25C0880}.Debug|Any CPU.Build.0 = Debug|Any CPU
		{95C35B32-F8F4-45BE-B9B0-EBF7B25C0880}.Release|Any CPU.ActiveCfg = Release|Any CPU
		{95C35B32-F8F4-45BE-B9B0-EBF7B25C0880}.Release|Any CPU.Build.0 = Release|Any CPU
		{5416BA3F-A771-4715-A3F8-3EE5F32242DD}.Debug|Any CPU.ActiveCfg = Debug|Any CPU
		{5416BA3F-A771-4715-A3F8-3EE5F32242DD}.Debug|Any CPU.Build.0 = Debug|Any CPU
		{5416BA3F-A771-4715-A3F8-3EE5F32242DD}.Release|Any CPU.ActiveCfg = Release|Any CPU
		{5416BA3F-A771-4715-A3F8-3EE5F32242DD}.Release|Any CPU.Build.0 = Release|Any CPU
		{8F1B5B60-A052-4D6A-9900-090CE9B87A9D}.Debug|Any CPU.ActiveCfg = Debug|Any CPU
		{8F1B5B60-A052-4D6A-9900-090CE9B87A9D}.Debug|Any CPU.Build.0 = Debug|Any CPU
		{8F1B5B60-A052-4D6A-9900-090CE9B87A9D}.Release|Any CPU.ActiveCfg = Release|Any CPU
		{8F1B5B60-A052-4D6A-9900-090CE9B87A9D}.Release|Any CPU.Build.0 = Release|Any CPU
		{C2865335-FE23-470F-B62D-87489DD13C94}.Debug|Any CPU.ActiveCfg = Debug|Any CPU
		{C2865335-FE23-470F-B62D-87489DD13C94}.Debug|Any CPU.Build.0 = Debug|Any CPU
		{C2865335-FE23-470F-B62D-87489DD13C94}.Release|Any CPU.ActiveCfg = Release|Any CPU
		{C2865335-FE23-470F-B62D-87489DD13C94}.Release|Any CPU.Build.0 = Release|Any CPU
		{5299DCA7-D979-4C99-A0C6-6DFE4CB20A23}.Debug|Any CPU.ActiveCfg = Debug|Any CPU
		{5299DCA7-D979-4C99-A0C6-6DFE4CB20A23}.Debug|Any CPU.Build.0 = Debug|Any CPU
		{5299DCA7-D979-4C99-A0C6-6DFE4CB20A23}.Release|Any CPU.ActiveCfg = Release|Any CPU
		{5299DCA7-D979-4C99-A0C6-6DFE4CB20A23}.Release|Any CPU.Build.0 = Release|Any CPU
		{9DDB0E03-68FB-46D9-ADD3-EB053B2DABE7}.Debug|Any CPU.ActiveCfg = Debug|Any CPU
		{9DDB0E03-68FB-46D9-ADD3-EB053B2DABE7}.Debug|Any CPU.Build.0 = Debug|Any CPU
		{9DDB0E03-68FB-46D9-ADD3-EB053B2DABE7}.Release|Any CPU.ActiveCfg = Release|Any CPU
		{9DDB0E03-68FB-46D9-ADD3-EB053B2DABE7}.Release|Any CPU.Build.0 = Release|Any CPU
	EndGlobalSection
	GlobalSection(SolutionProperties) = preSolution
		HideSolutionNode = FALSE
	EndGlobalSection
	GlobalSection(ExtensibilityGlobals) = postSolution
		SolutionGuid = {A1CC39CD-0A99-4E33-8235-FED00B812FBF}
	EndGlobalSection
EndGlobal
